
Microsoft Visual Studio Solution File, Format Version 12.00
# Visual Studio Version 17
VisualStudioVersion = 17.1.32414.318
MinimumVisualStudioVersion = 10.0.40219.1
Project("{9A19103F-16F7-4668-BE54-9A1E7A4F7556}") = "Lab_5", "Lab2Var2\Lab_5.csproj", "{E5833A31-58E4-4C21-9EC6-4BE117ED2170}"
EndProject
Project("{9A19103F-16F7-4668-BE54-9A1E7A4F7556}") = "LogicLibrary", "LogicLibrary\LogicLibrary.csproj", "{DB3D74C3-B103-4AAD-A051-08FE33E47C86}"
EndProject
Project("{8BC9CEB8-8B4A-11D0-8D11-00A0C91BC942}") = "Dll", "Dll\Dll.vcxproj", "{2044014E-B0BC-4201-BD63-373EDDB84936}"
EndProject
Global
	GlobalSection(SolutionConfigurationPlatforms) = preSolution
		Debug|Any CPU = Debug|Any CPU
		Debug|x64 = Debug|x64
		Debug|x86 = Debug|x86
		Release|Any CPU = Release|Any CPU
		Release|x64 = Release|x64
		Release|x86 = Release|x86
	EndGlobalSection
	GlobalSection(ProjectConfigurationPlatforms) = postSolution
		{E5833A31-58E4-4C21-9EC6-4BE117ED2170}.Debug|Any CPU.ActiveCfg = Debug|Any CPU
		{E5833A31-58E4-4C21-9EC6-4BE117ED2170}.Debug|Any CPU.Build.0 = Debug|Any CPU
		{E5833A31-58E4-4C21-9EC6-4BE117ED2170}.Debug|x64.ActiveCfg = Debug|Any CPU
		{E5833A31-58E4-4C21-9EC6-4BE117ED2170}.Debug|x64.Build.0 = Debug|Any CPU
		{E5833A31-58E4-4C21-9EC6-4BE117ED2170}.Debug|x86.ActiveCfg = Debug|Any CPU
		{E5833A31-58E4-4C21-9EC6-4BE117ED2170}.Debug|x86.Build.0 = Debug|Any CPU
		{E5833A31-58E4-4C21-9EC6-4BE117ED2170}.Release|Any CPU.ActiveCfg = Release|Any CPU
		{E5833A31-58E4-4C21-9EC6-4BE117ED2170}.Release|Any CPU.Build.0 = Release|Any CPU
		{E5833A31-58E4-4C21-9EC6-4BE117ED2170}.Release|x64.ActiveCfg = Release|Any CPU
		{E5833A31-58E4-4C21-9EC6-4BE117ED2170}.Release|x64.Build.0 = Release|Any CPU
		{E5833A31-58E4-4C21-9EC6-4BE117ED2170}.Release|x86.ActiveCfg = Release|Any CPU
		{E5833A31-58E4-4C21-9EC6-4BE117ED2170}.Release|x86.Build.0 = Release|Any CPU
		{DB3D74C3-B103-4AAD-A051-08FE33E47C86}.Debug|Any CPU.ActiveCfg = Debug|Any CPU
		{DB3D74C3-B103-4AAD-A051-08FE33E47C86}.Debug|Any CPU.Build.0 = Debug|Any CPU
		{DB3D74C3-B103-4AAD-A051-08FE33E47C86}.Debug|x64.ActiveCfg = Debug|Any CPU
		{DB3D74C3-B103-4AAD-A051-08FE33E47C86}.Debug|x64.Build.0 = Debug|Any CPU
		{DB3D74C3-B103-4AAD-A051-08FE33E47C86}.Debug|x86.ActiveCfg = Debug|Any CPU
		{DB3D74C3-B103-4AAD-A051-08FE33E47C86}.Debug|x86.Build.0 = Debug|Any CPU
		{DB3D74C3-B103-4AAD-A051-08FE33E47C86}.Release|Any CPU.ActiveCfg = Release|Any CPU
		{DB3D74C3-B103-4AAD-A051-08FE33E47C86}.Release|Any CPU.Build.0 = Release|Any CPU
		{DB3D74C3-B103-4AAD-A051-08FE33E47C86}.Release|x64.ActiveCfg = Release|Any CPU
		{DB3D74C3-B103-4AAD-A051-08FE33E47C86}.Release|x64.Build.0 = Release|Any CPU
		{DB3D74C3-B103-4AAD-A051-08FE33E47C86}.Release|x86.ActiveCfg = Release|Any CPU
		{DB3D74C3-B103-4AAD-A051-08FE33E47C86}.Release|x86.Build.0 = Release|Any CPU
		{2044014E-B0BC-4201-BD63-373EDDB84936}.Debug|Any CPU.ActiveCfg = Debug|x64
		{2044014E-B0BC-4201-BD63-373EDDB84936}.Debug|Any CPU.Build.0 = Debug|x64
		{2044014E-B0BC-4201-BD63-373EDDB84936}.Debug|x64.ActiveCfg = Debug|x64
		{2044014E-B0BC-4201-BD63-373EDDB84936}.Debug|x64.Build.0 = Debug|x64
		{2044014E-B0BC-4201-BD63-373EDDB84936}.Debug|x86.ActiveCfg = Debug|Win32
		{2044014E-B0BC-4201-BD63-373EDDB84936}.Debug|x86.Build.0 = Debug|Win32
		{2044014E-B0BC-4201-BD63-373EDDB84936}.Release|Any CPU.ActiveCfg = Release|x64
		{2044014E-B0BC-4201-BD63-373EDDB84936}.Release|Any CPU.Build.0 = Release|x64
		{2044014E-B0BC-4201-BD63-373EDDB84936}.Release|x64.ActiveCfg = Release|x64
		{2044014E-B0BC-4201-BD63-373EDDB84936}.Release|x64.Build.0 = Release|x64
		{2044014E-B0BC-4201-BD63-373EDDB84936}.Release|x86.ActiveCfg = Release|Win32
		{2044014E-B0BC-4201-BD63-373EDDB84936}.Release|x86.Build.0 = Release|Win32
	EndGlobalSection
	GlobalSection(SolutionProperties) = preSolution
		HideSolutionNode = FALSE
	EndGlobalSection
	GlobalSection(ExtensibilityGlobals) = postSolution
		SolutionGuid = {AF607F89-47DF-444B-82C4-07BC699D73C6}
	EndGlobalSection
EndGlobal
